
Microsoft Visual Studio Solution File, Format Version 12.00
# Visual Studio Version 18
VisualStudioVersion = 18.6.11819.183
MinimumVisualStudioVersion = 10.0.40219.1
Project("{FAE04EC0-301F-11D3-BF4B-00C04F79EFBC}") = "GH.Components", "GH.Components\GH.Components.csproj", "{40CA39F7-1ED9-4228-B5D5-B4164EC7040A}"
EndProject
Project("{2150E333-8FDC-42A3-9474-1A3956D46DE8}") = "Z.Exec", "Z.Exec", "{C01D7AF9-1E42-4B0E-83E6-0BB37B95E156}"
EndProject
Project("{2150E333-8FDC-42A3-9474-1A3956D46DE8}") = "A.Libs", "A.Libs", "{A44153B1-74C5-42AA-8AD7-D94B91E68B1D}"
EndProject
Project("{FAE04EC0-301F-11D3-BF4B-00C04F79EFBC}") = "AppCleaner", "AppCleaner\AppCleaner.csproj", "{C6A229D1-EB54-6CAE-50A1-4583E083E847}"
EndProject
Project("{2150E333-8FDC-42A3-9474-1A3956D46DE8}") = "A.Cleaner", "A.Cleaner", "{A0436EAF-977A-4E27-9A86-145C61587CEF}"
EndProject
Project("{FAE04EC0-301F-11D3-BF4B-00C04F79EFBC}") = "MehokBrowser", "MehokBrowser\MehokBrowser.csproj", "{6AD9B0A5-75DD-CF57-C49C-C7C1270CC97F}"
EndProject
Project("{FAE04EC0-301F-11D3-BF4B-00C04F79EFBC}") = "NewsMaker", "NewsMaker\NewsMaker.csproj", "{AA3962AF-1C48-46E0-A1A8-B7B05FE2609E}"
EndProject
Project("{2150E333-8FDC-42A3-9474-1A3956D46DE8}") = "A.Old", "A.Old", "{39126E93-F3DC-46F8-8B93-A91A2C92E569}"
EndProject
Project("{FAE04EC0-301F-11D3-BF4B-00C04F79EFBC}") = "GH.Components", "GH.Z.Controls\Controls\GH.Components.csproj", "{03AF1818-71D1-40E0-A3C8-89A695C1BE7C}"
EndProject
Global
	GlobalSection(SolutionConfigurationPlatforms) = preSolution
		Debug|Any CPU = Debug|Any CPU
		Release|Any CPU = Release|Any CPU
	EndGlobalSection
	GlobalSection(ProjectConfigurationPlatforms) = postSolution
		{40CA39F7-1ED9-4228-B5D5-B4164EC7040A}.Debug|Any CPU.ActiveCfg = Debug|Any CPU
		{40CA39F7-1ED9-4228-B5D5-B4164EC7040A}.Debug|Any CPU.Build.0 = Debug|Any CPU
		{40CA39F7-1ED9-4228-B5D5-B4164EC7040A}.Release|Any CPU.ActiveCfg = Release|Any CPU
		{40CA39F7-1ED9-4228-B5D5-B4164EC7040A}.Release|Any CPU.Build.0 = Release|Any CPU
		{C6A229D1-EB54-6CAE-50A1-4583E083E847}.Debug|Any CPU.ActiveCfg = Debug|Any CPU
		{C6A229D1-EB54-6CAE-50A1-4583E083E847}.Debug|Any CPU.Build.0 = Debug|Any CPU
		{C6A229D1-EB54-6CAE-50A1-4583E083E847}.Release|Any CPU.ActiveCfg = Release|Any CPU
		{C6A229D1-EB54-6CAE-50A1-4583E083E847}.Release|Any CPU.Build.0 = Release|Any CPU
		{6AD9B0A5-75DD-CF57-C49C-C7C1270CC97F}.Debug|Any CPU.ActiveCfg = Debug|Any CPU
		{6AD9B0A5-75DD-CF57-C49C-C7C1270CC97F}.Debug|Any CPU.Build.0 = Debug|Any CPU
		{6AD9B0A5-75DD-CF57-C49C-C7C1270CC97F}.Release|Any CPU.ActiveCfg = Release|Any CPU
		{6AD9B0A5-75DD-CF57-C49C-C7C1270CC97F}.Release|Any CPU.Build.0 = Release|Any CPU
		{AA3962AF-1C48-46E0-A1A8-B7B05FE2609E}.Debug|Any CPU.ActiveCfg = Debug|Any CPU
		{AA3962AF-1C48-46E0-A1A8-B7B05FE2609E}.Debug|Any CPU.Build.0 = Debug|Any CPU
		{AA3962AF-1C48-46E0-A1A8-B7B05FE2609E}.Release|Any CPU.ActiveCfg = Release|Any CPU
		{AA3962AF-1C48-46E0-A1A8-B7B05FE2609E}.Release|Any CPU.Build.0 = Release|Any CPU
		{03AF1818-71D1-40E0-A3C8-89A695C1BE7C}.Debug|Any CPU.ActiveCfg = Debug|Any CPU
		{03AF1818-71D1-40E0-A3C8-89A695C1BE7C}.Debug|Any CPU.Build.0 = Debug|Any CPU
		{03AF1818-71D1-40E0-A3C8-89A695C1BE7C}.Release|Any CPU.ActiveCfg = Release|Any CPU
		{03AF1818-71D1-40E0-A3C8-89A695C1BE7C}.Release|Any CPU.Build.0 = Release|Any CPU
	EndGlobalSection
	GlobalSection(SolutionProperties) = preSolution
		HideSolutionNode = FALSE
	EndGlobalSection
	GlobalSection(NestedProjects) = preSolution
		{40CA39F7-1ED9-4228-B5D5-B4164EC7040A} = {A44153B1-74C5-42AA-8AD7-D94B91E68B1D}
		{C6A229D1-EB54-6CAE-50A1-4583E083E847} = {A0436EAF-977A-4E27-9A86-145C61587CEF}
		{6AD9B0A5-75DD-CF57-C49C-C7C1270CC97F} = {C01D7AF9-1E42-4B0E-83E6-0BB37B95E156}
		{AA3962AF-1C48-46E0-A1A8-B7B05FE2609E} = {C01D7AF9-1E42-4B0E-83E6-0BB37B95E156}
		{03AF1818-71D1-40E0-A3C8-89A695C1BE7C} = {39126E93-F3DC-46F8-8B93-A91A2C92E569}
	EndGlobalSection
	GlobalSection(ExtensibilityGlobals) = postSolution
		SolutionGuid = {7B4A114F-5972-48AC-BFC8-8234227FC022}
	EndGlobalSection
EndGlobal
